
Microsoft Visual Studio Solution File, Format Version 12.00
# Visual Studio Version 16
VisualStudioVersion = 16.0.30523.141
MinimumVisualStudioVersion = 10.0.40219.1
Project("{FAE04EC0-301F-11D3-BF4B-00C04F79EFBC}") = "MyFirstApp", "MyFirstApp.csproj", "{5D3470E2-BB18-4A02-9592-4EF4507661CC}"
EndProject
Global
	GlobalSection(SolutionConfigurationPlatforms) = preSolution
		Debug|Any CPU = Debug|Any CPU
		Release|Any CPU = Release|Any CPU
	EndGlobalSection
	GlobalSection(ProjectConfigurationPlatforms) = postSolution
		{5D3470E2-BB18-4A02-9592-4EF4507661CC}.Debug|Any CPU.ActiveCfg = Debug|Any CPU
		{5D3470E2-BB18-4A02-9592-4EF4507661CC}.Debug|Any CPU.Build.0 = Debug|Any CPU
		{5D3470E2-BB18-4A02-9592-4EF4507661CC}.Release|Any CPU.ActiveCfg = Release|Any CPU
		{5D3470E2-BB18-4A02-9592-4EF4507661CC}.Release|Any CPU.Build.0 = Release|Any CPU
	EndGlobalSection
	GlobalSection(SolutionProperties) = preSolution
		HideSolutionNode = FALSE
	EndGlobalSection
	GlobalSection(ExtensibilityGlobals) = postSolution
		SolutionGuid = {8F71950F-A2C9-4FAE-8017-0469A9CCE590}
	EndGlobalSection
EndGlobal
